// !$*UTF8*$!
{
	archiveVersion = 1;
	classes = {
	};
	objectVersion = 56;
	objects = {

/* Begin PBXBuildFile section */
		043666272BFB259000870221 /* AppDelegate.swift in Sources */ = {isa = PBXBuildFile; fileRef = 043666262BFB259000870221 /* AppDelegate.swift */; };
		043666292BFB259000870221 /* SceneDelegate.swift in Sources */ = {isa = PBXBuildFile; fileRef = 043666282BFB259000870221 /* SceneDelegate.swift */; };
		0436662B2BFB259000870221 /* LocationListViewController.swift in Sources */ = {isa = PBXBuildFile; fileRef = 0436662A2BFB259000870221 /* LocationListViewController.swift */; };
		0436662E2BFB259000870221 /* Main.storyboard in Resources */ = {isa = PBXBuildFile; fileRef = 0436662C2BFB259000870221 /* Main.storyboard */; };
		043666302BFB259300870221 /* Assets.xcassets in Resources */ = {isa = PBXBuildFile; fileRef = 0436662F2BFB259300870221 /* Assets.xcassets */; };
		043666332BFB259300870221 /* LaunchScreen.storyboard in Resources */ = {isa = PBXBuildFile; fileRef = 043666312BFB259300870221 /* LaunchScreen.storyboard */; };
		0436663E2BFB259300870221 /* WeatherAppTests.swift in Sources */ = {isa = PBXBuildFile; fileRef = 0436663D2BFB259300870221 /* WeatherAppTests.swift */; };
		043666482BFB259300870221 /* WeatherAppUITests.swift in Sources */ = {isa = PBXBuildFile; fileRef = 043666472BFB259300870221 /* WeatherAppUITests.swift */; };
		0436664A2BFB259300870221 /* WeatherAppUITestsLaunchTests.swift in Sources */ = {isa = PBXBuildFile; fileRef = 043666492BFB259300870221 /* WeatherAppUITestsLaunchTests.swift */; };
		043666572BFB25EC00870221 /* WeatherLocation.swift in Sources */ = {isa = PBXBuildFile; fileRef = 043666562BFB25EC00870221 /* WeatherLocation.swift */; };
		0436669B2BFB6DC800870221 /* APIKey.swift in Sources */ = {isa = PBXBuildFile; fileRef = 0436669A2BFB6DC800870221 /* APIKey.swift */; };
		0436669D2BFB70E300870221 /* LocationDetailViewController.swift in Sources */ = {isa = PBXBuildFile; fileRef = 0436669C2BFB70E300870221 /* LocationDetailViewController.swift */; };
		0444BC4D2BFBD29B00783E77 /* PageViewController.swift in Sources */ = {isa = PBXBuildFile; fileRef = 0444BC4C2BFBD29A00783E77 /* PageViewController.swift */; };
		0444BC4F2BFC734D00783E77 /* WeatherDetail.swift in Sources */ = {isa = PBXBuildFile; fileRef = 0444BC4E2BFC734D00783E77 /* WeatherDetail.swift */; };
		0444BC572BFCEBA000783E77 /* APIMockTests.swift in Sources */ = {isa = PBXBuildFile; fileRef = 0444BC562BFCEBA000783E77 /* APIMockTests.swift */; };
		0444BC592BFCEC3100783E77 /* TextFieldTests.swift in Sources */ = {isa = PBXBuildFile; fileRef = 0444BC582BFCEC3100783E77 /* TextFieldTests.swift */; };
		0444BC5B2BFD185D00783E77 /* WeatherDetailService.swift in Sources */ = {isa = PBXBuildFile; fileRef = 0444BC5A2BFD185D00783E77 /* WeatherDetailService.swift */; };
		0444BC5D2BFD2F5700783E77 /* MockApiService.swift in Sources */ = {isa = PBXBuildFile; fileRef = 0444BC5C2BFD2F5700783E77 /* MockApiService.swift */; };
		045D2C532BFDC48C00F943DF /* TableViewTests.swift in Sources */ = {isa = PBXBuildFile; fileRef = 045D2C522BFDC48C00F943DF /* TableViewTests.swift */; };
		045D2C582BFDC7B300F943DF /* TableTestHelpers.swift in Sources */ = {isa = PBXBuildFile; fileRef = 045D2C572BFDC7B300F943DF /* TableTestHelpers.swift */; };
		045D2C5B2BFDF1FB00F943DF /* ButtonTapTests.swift in Sources */ = {isa = PBXBuildFile; fileRef = 045D2C5A2BFDF1FA00F943DF /* ButtonTapTests.swift */; };
		045D2C5D2BFDF23A00F943DF /* ButtonTestHelpers.swift in Sources */ = {isa = PBXBuildFile; fileRef = 045D2C5C2BFDF23A00F943DF /* ButtonTestHelpers.swift */; };
		316226C16858AE66D940E683 /* Pods_WeatherApp_WeatherAppUITests.framework in Frameworks */ = {isa = PBXBuildFile; fileRef = 9938DA1ECE2F0C110FB83C10 /* Pods_WeatherApp_WeatherAppUITests.framework */; };
		8481813B497B240D4D65E6CB /* Pods_WeatherAppTests.framework in Frameworks */ = {isa = PBXBuildFile; fileRef = AB6B6DB1CC68114F8D194955 /* Pods_WeatherAppTests.framework */; };
		A3E43289386EF68FBB1DCF36 /* Pods_WeatherApp.framework in Frameworks */ = {isa = PBXBuildFile; fileRef = FB35186CA408F3AEAAF1A904 /* Pods_WeatherApp.framework */; };
/* End PBXBuildFile section */

/* Begin PBXContainerItemProxy section */
		0436663A2BFB259300870221 /* PBXContainerItemProxy */ = {
			isa = PBXContainerItemProxy;
			containerPortal = 0436661B2BFB259000870221 /* Project object */;
			proxyType = 1;
			remoteGlobalIDString = 043666222BFB259000870221;
			remoteInfo = WeatherApp;
		};
		043666442BFB259300870221 /* PBXContainerItemProxy */ = {
			isa = PBXContainerItemProxy;
			containerPortal = 0436661B2BFB259000870221 /* Project object */;
			proxyType = 1;
			remoteGlobalIDString = 043666222BFB259000870221;
			remoteInfo = WeatherApp;
		};
/* End PBXContainerItemProxy section */

/* Begin PBXFileReference section */
		043666232BFB259000870221 /* WeatherApp.app */ = {isa = PBXFileReference; explicitFileType = wrapper.application; includeInIndex = 0; path = WeatherApp.app; sourceTree = BUILT_PRODUCTS_DIR; };
		043666262BFB259000870221 /* AppDelegate.swift */ = {isa = PBXFileReference; lastKnownFileType = sourcecode.swift; path = AppDelegate.swift; sourceTree = "<group>"; };
		043666282BFB259000870221 /* SceneDelegate.swift */ = {isa = PBXFileReference; lastKnownFileType = sourcecode.swift; path = SceneDelegate.swift; sourceTree = "<group>"; };
		0436662A2BFB259000870221 /* LocationListViewController.swift */ = {isa = PBXFileReference; lastKnownFileType = sourcecode.swift; path = LocationListViewController.swift; sourceTree = "<group>"; };
		0436662D2BFB259000870221 /* Base */ = {isa = PBXFileReference; lastKnownFileType = file.storyboard; name = Base; path = Base.lproj/Main.storyboard; sourceTree = "<group>"; };
		0436662F2BFB259300870221 /* Assets.xcassets */ = {isa = PBXFileReference; lastKnownFileType = folder.assetcatalog; path = Assets.xcassets; sourceTree = "<group>"; };
		043666322BFB259300870221 /* Base */ = {isa = PBXFileReference; lastKnownFileType = file.storyboard; name = Base; path = Base.lproj/LaunchScreen.storyboard; sourceTree = "<group>"; };
		043666342BFB259300870221 /* Info.plist */ = {isa = PBXFileReference; lastKnownFileType = text.plist.xml; path = Info.plist; sourceTree = "<group>"; };
		043666392BFB259300870221 /* WeatherAppTests.xctest */ = {isa = PBXFileReference; explicitFileType = wrapper.cfbundle; includeInIndex = 0; path = WeatherAppTests.xctest; sourceTree = BUILT_PRODUCTS_DIR; };
		0436663D2BFB259300870221 /* WeatherAppTests.swift */ = {isa = PBXFileReference; lastKnownFileType = sourcecode.swift; path = WeatherAppTests.swift; sourceTree = "<group>"; };
		043666432BFB259300870221 /* WeatherAppUITests.xctest */ = {isa = PBXFileReference; explicitFileType = wrapper.cfbundle; includeInIndex = 0; path = WeatherAppUITests.xctest; sourceTree = BUILT_PRODUCTS_DIR; };
		043666472BFB259300870221 /* WeatherAppUITests.swift */ = {isa = PBXFileReference; lastKnownFileType = sourcecode.swift; path = WeatherAppUITests.swift; sourceTree = "<group>"; };
		043666492BFB259300870221 /* WeatherAppUITestsLaunchTests.swift */ = {isa = PBXFileReference; lastKnownFileType = sourcecode.swift; path = WeatherAppUITestsLaunchTests.swift; sourceTree = "<group>"; };
		043666562BFB25EC00870221 /* WeatherLocation.swift */ = {isa = PBXFileReference; lastKnownFileType = sourcecode.swift; path = WeatherLocation.swift; sourceTree = "<group>"; };
		0436669A2BFB6DC800870221 /* APIKey.swift */ = {isa = PBXFileReference; lastKnownFileType = sourcecode.swift; path = APIKey.swift; sourceTree = "<group>"; };
		0436669C2BFB70E300870221 /* LocationDetailViewController.swift */ = {isa = PBXFileReference; lastKnownFileType = sourcecode.swift; path = LocationDetailViewController.swift; sourceTree = "<group>"; };
		0444BC4B2BFB90B500783E77 /* Location.gpx */ = {isa = PBXFileReference; lastKnownFileType = text.xml; path = Location.gpx; sourceTree = "<group>"; };
		0444BC4C2BFBD29A00783E77 /* PageViewController.swift */ = {isa = PBXFileReference; lastKnownFileType = sourcecode.swift; path = PageViewController.swift; sourceTree = "<group>"; };
		0444BC4E2BFC734D00783E77 /* WeatherDetail.swift */ = {isa = PBXFileReference; lastKnownFileType = sourcecode.swift; path = WeatherDetail.swift; sourceTree = "<group>"; };
		0444BC562BFCEBA000783E77 /* APIMockTests.swift */ = {isa = PBXFileReference; lastKnownFileType = sourcecode.swift; path = APIMockTests.swift; sourceTree = "<group>"; };
		0444BC582BFCEC3100783E77 /* TextFieldTests.swift */ = {isa = PBXFileReference; lastKnownFileType = sourcecode.swift; path = TextFieldTests.swift; sourceTree = "<group>"; };
		0444BC5A2BFD185D00783E77 /* WeatherDetailService.swift */ = {isa = PBXFileReference; lastKnownFileType = sourcecode.swift; path = WeatherDetailService.swift; sourceTree = "<group>"; };
		0444BC5C2BFD2F5700783E77 /* MockApiService.swift */ = {isa = PBXFileReference; lastKnownFileType = sourcecode.swift; path = MockApiService.swift; sourceTree = "<group>"; };
		045D2C522BFDC48C00F943DF /* TableViewTests.swift */ = {isa = PBXFileReference; lastKnownFileType = sourcecode.swift; path = TableViewTests.swift; sourceTree = "<group>"; };
		045D2C572BFDC7B300F943DF /* TableTestHelpers.swift */ = {isa = PBXFileReference; lastKnownFileType = sourcecode.swift; path = TableTestHelpers.swift; sourceTree = "<group>"; };
		045D2C5A2BFDF1FA00F943DF /* ButtonTapTests.swift */ = {isa = PBXFileReference; lastKnownFileType = sourcecode.swift; path = ButtonTapTests.swift; sourceTree = "<group>"; };
		045D2C5C2BFDF23A00F943DF /* ButtonTestHelpers.swift */ = {isa = PBXFileReference; lastKnownFileType = sourcecode.swift; path = ButtonTestHelpers.swift; sourceTree = "<group>"; };
		40210DD8BAB7ED13468B036B /* Pods-WeatherApp-WeatherAppUITests.debug.xcconfig */ = {isa = PBXFileReference; includeInIndex = 1; lastKnownFileType = text.xcconfig; name = "Pods-WeatherApp-WeatherAppUITests.debug.xcconfig"; path = "Target Support Files/Pods-WeatherApp-WeatherAppUITests/Pods-WeatherApp-WeatherAppUITests.debug.xcconfig"; sourceTree = "<group>"; };
		4EF281B2FE4C5B4E250BF754 /* Pods-WeatherApp.release.xcconfig */ = {isa = PBXFileReference; includeInIndex = 1; lastKnownFileType = text.xcconfig; name = "Pods-WeatherApp.release.xcconfig"; path = "Target Support Files/Pods-WeatherApp/Pods-WeatherApp.release.xcconfig"; sourceTree = "<group>"; };
		9938DA1ECE2F0C110FB83C10 /* Pods_WeatherApp_WeatherAppUITests.framework */ = {isa = PBXFileReference; explicitFileType = wrapper.framework; includeInIndex = 0; path = Pods_WeatherApp_WeatherAppUITests.framework; sourceTree = BUILT_PRODUCTS_DIR; };
		AB6B6DB1CC68114F8D194955 /* Pods_WeatherAppTests.framework */ = {isa = PBXFileReference; explicitFileType = wrapper.framework; includeInIndex = 0; path = Pods_WeatherAppTests.framework; sourceTree = BUILT_PRODUCTS_DIR; };
		BDC760994087262572E91AB1 /* Pods-WeatherApp-WeatherAppUITests.release.xcconfig */ = {isa = PBXFileReference; includeInIndex = 1; lastKnownFileType = text.xcconfig; name = "Pods-WeatherApp-WeatherAppUITests.release.xcconfig"; path = "Target Support Files/Pods-WeatherApp-WeatherAppUITests/Pods-WeatherApp-WeatherAppUITests.release.xcconfig"; sourceTree = "<group>"; };
		CAAFEE3CF0F9159FF814E642 /* Pods-WeatherAppTests.debug.xcconfig */ = {isa = PBXFileReference; includeInIndex = 1; lastKnownFileType = text.xcconfig; name = "Pods-WeatherAppTests.debug.xcconfig"; path = "Target Support Files/Pods-WeatherAppTests/Pods-WeatherAppTests.debug.xcconfig"; sourceTree = "<group>"; };
		CC8CD78BABE9E0AA4ECC260D /* Pods-WeatherApp.debug.xcconfig */ = {isa = PBXFileReference; includeInIndex = 1; lastKnownFileType = text.xcconfig; name = "Pods-WeatherApp.debug.xcconfig"; path = "Target Support Files/Pods-WeatherApp/Pods-WeatherApp.debug.xcconfig"; sourceTree = "<group>"; };
		D06547A89BF3FCD5F7CD4B81 /* Pods-WeatherAppTests.release.xcconfig */ = {isa = PBXFileReference; includeInIndex = 1; lastKnownFileType = text.xcconfig; name = "Pods-WeatherAppTests.release.xcconfig"; path = "Target Support Files/Pods-WeatherAppTests/Pods-WeatherAppTests.release.xcconfig"; sourceTree = "<group>"; };
		FB35186CA408F3AEAAF1A904 /* Pods_WeatherApp.framework */ = {isa = PBXFileReference; explicitFileType = wrapper.framework; includeInIndex = 0; path = Pods_WeatherApp.framework; sourceTree = BUILT_PRODUCTS_DIR; };
/* End PBXFileReference section */

/* Begin PBXFrameworksBuildPhase section */
		043666202BFB259000870221 /* Frameworks */ = {
			isa = PBXFrameworksBuildPhase;
			buildActionMask = 2147483647;
			files = (
				A3E43289386EF68FBB1DCF36 /* Pods_WeatherApp.framework in Frameworks */,
			);
			runOnlyForDeploymentPostprocessing = 0;
		};
		043666362BFB259300870221 /* Frameworks */ = {
			isa = PBXFrameworksBuildPhase;
			buildActionMask = 2147483647;
			files = (
				8481813B497B240D4D65E6CB /* Pods_WeatherAppTests.framework in Frameworks */,
			);
			runOnlyForDeploymentPostprocessing = 0;
		};
		043666402BFB259300870221 /* Frameworks */ = {
			isa = PBXFrameworksBuildPhase;
			buildActionMask = 2147483647;
			files = (
				316226C16858AE66D940E683 /* Pods_WeatherApp_WeatherAppUITests.framework in Frameworks */,
			);
			runOnlyForDeploymentPostprocessing = 0;
		};
/* End PBXFrameworksBuildPhase section */

/* Begin PBXGroup section */
		0436661A2BFB259000870221 = {
			isa = PBXGroup;
			children = (
				043666252BFB259000870221 /* WeatherApp */,
				0436663C2BFB259300870221 /* WeatherAppTests */,
				043666462BFB259300870221 /* WeatherAppUITests */,
				043666242BFB259000870221 /* Products */,
				3071BE3516B236EE5258E852 /* Pods */,
				982A4E4966FF60E5AD2AA6EF /* Frameworks */,
			);
			sourceTree = "<group>";
		};
		043666242BFB259000870221 /* Products */ = {
			isa = PBXGroup;
			children = (
				043666232BFB259000870221 /* WeatherApp.app */,
				043666392BFB259300870221 /* WeatherAppTests.xctest */,
				043666432BFB259300870221 /* WeatherAppUITests.xctest */,
			);
			name = Products;
			sourceTree = "<group>";
		};
		043666252BFB259000870221 /* WeatherApp */ = {
			isa = PBXGroup;
			children = (
				0444BC552BFCE2BE00783E77 /* utils */,
				0444BC542BFCE29200783E77 /* models */,
				0444BC532BFCE28700783E77 /* viewControllers */,
				0444BC522BFCE27E00783E77 /* services */,
				043666262BFB259000870221 /* AppDelegate.swift */,
				043666282BFB259000870221 /* SceneDelegate.swift */,
				0436662C2BFB259000870221 /* Main.storyboard */,
				0436662F2BFB259300870221 /* Assets.xcassets */,
				043666312BFB259300870221 /* LaunchScreen.storyboard */,
				043666342BFB259300870221 /* Info.plist */,
				0444BC4B2BFB90B500783E77 /* Location.gpx */,
			);
			path = WeatherApp;
			sourceTree = "<group>";
		};
		0436663C2BFB259300870221 /* WeatherAppTests */ = {
			isa = PBXGroup;
			children = (
				045D2C592BFDEFBD00F943DF /* ButtonTapTests */,
				045D2C562BFDC69800F943DF /* TableViewTests */,
				045D2C552BFDC68D00F943DF /* TextFieldTests */,
				045D2C542BFDC66500F943DF /* APITests */,
				0436663D2BFB259300870221 /* WeatherAppTests.swift */,
			);
			path = WeatherAppTests;
			sourceTree = "<group>";
		};
		043666462BFB259300870221 /* WeatherAppUITests */ = {
			isa = PBXGroup;
			children = (
				043666472BFB259300870221 /* WeatherAppUITests.swift */,
				043666492BFB259300870221 /* WeatherAppUITestsLaunchTests.swift */,
			);
			path = WeatherAppUITests;
			sourceTree = "<group>";
		};
		0444BC522BFCE27E00783E77 /* services */ = {
			isa = PBXGroup;
			children = (
				0444BC5A2BFD185D00783E77 /* WeatherDetailService.swift */,
			);
			path = services;
			sourceTree = "<group>";
		};
		0444BC532BFCE28700783E77 /* viewControllers */ = {
			isa = PBXGroup;
			children = (
				0444BC4C2BFBD29A00783E77 /* PageViewController.swift */,
				0436662A2BFB259000870221 /* LocationListViewController.swift */,
				0436669C2BFB70E300870221 /* LocationDetailViewController.swift */,
			);
			path = viewControllers;
			sourceTree = "<group>";
		};
		0444BC542BFCE29200783E77 /* models */ = {
			isa = PBXGroup;
			children = (
				043666562BFB25EC00870221 /* WeatherLocation.swift */,
				0444BC4E2BFC734D00783E77 /* WeatherDetail.swift */,
			);
			path = models;
			sourceTree = "<group>";
		};
		0444BC552BFCE2BE00783E77 /* utils */ = {
			isa = PBXGroup;
			children = (
				0436669A2BFB6DC800870221 /* APIKey.swift */,
			);
			path = utils;
			sourceTree = "<group>";
		};
		045D2C542BFDC66500F943DF /* APITests */ = {
			isa = PBXGroup;
			children = (
				0444BC562BFCEBA000783E77 /* APIMockTests.swift */,
				0444BC5C2BFD2F5700783E77 /* MockApiService.swift */,
			);
			path = APITests;
			sourceTree = "<group>";
		};
		045D2C552BFDC68D00F943DF /* TextFieldTests */ = {
			isa = PBXGroup;
			children = (
				0444BC582BFCEC3100783E77 /* TextFieldTests.swift */,
			);
			path = TextFieldTests;
			sourceTree = "<group>";
		};
		045D2C562BFDC69800F943DF /* TableViewTests */ = {
			isa = PBXGroup;
			children = (
				045D2C522BFDC48C00F943DF /* TableViewTests.swift */,
				045D2C572BFDC7B300F943DF /* TableTestHelpers.swift */,
			);
			path = TableViewTests;
			sourceTree = "<group>";
		};
		045D2C592BFDEFBD00F943DF /* ButtonTapTests */ = {
			isa = PBXGroup;
			children = (
				045D2C5A2BFDF1FA00F943DF /* ButtonTapTests.swift */,
				045D2C5C2BFDF23A00F943DF /* ButtonTestHelpers.swift */,
			);
			path = ButtonTapTests;
			sourceTree = "<group>";
		};
		3071BE3516B236EE5258E852 /* Pods */ = {
			isa = PBXGroup;
			children = (
				CC8CD78BABE9E0AA4ECC260D /* Pods-WeatherApp.debug.xcconfig */,
				4EF281B2FE4C5B4E250BF754 /* Pods-WeatherApp.release.xcconfig */,
				40210DD8BAB7ED13468B036B /* Pods-WeatherApp-WeatherAppUITests.debug.xcconfig */,
				BDC760994087262572E91AB1 /* Pods-WeatherApp-WeatherAppUITests.release.xcconfig */,
				CAAFEE3CF0F9159FF814E642 /* Pods-WeatherAppTests.debug.xcconfig */,
				D06547A89BF3FCD5F7CD4B81 /* Pods-WeatherAppTests.release.xcconfig */,
			);
			path = Pods;
			sourceTree = "<group>";
		};
		982A4E4966FF60E5AD2AA6EF /* Frameworks */ = {
			isa = PBXGroup;
			children = (
				FB35186CA408F3AEAAF1A904 /* Pods_WeatherApp.framework */,
				9938DA1ECE2F0C110FB83C10 /* Pods_WeatherApp_WeatherAppUITests.framework */,
				AB6B6DB1CC68114F8D194955 /* Pods_WeatherAppTests.framework */,
			);
			name = Frameworks;
			sourceTree = "<group>";
		};
/* End PBXGroup section */

/* Begin PBXNativeTarget section */
		043666222BFB259000870221 /* WeatherApp */ = {
			isa = PBXNativeTarget;
			buildConfigurationList = 0436664D2BFB259300870221 /* Build configuration list for PBXNativeTarget "WeatherApp" */;
			buildPhases = (
				9E4CD7E247312F033CC9D9B8 /* [CP] Check Pods Manifest.lock */,
				0436661F2BFB259000870221 /* Sources */,
				043666202BFB259000870221 /* Frameworks */,
				043666212BFB259000870221 /* Resources */,
				55E88A1C824FC4D626AFF868 /* [CP] Copy Pods Resources */,
			);
			buildRules = (
			);
			dependencies = (
			);
			name = WeatherApp;
			productName = WeatherApp;
			productReference = 043666232BFB259000870221 /* WeatherApp.app */;
			productType = "com.apple.product-type.application";
		};
		043666382BFB259300870221 /* WeatherAppTests */ = {
			isa = PBXNativeTarget;
			buildConfigurationList = 043666502BFB259300870221 /* Build configuration list for PBXNativeTarget "WeatherAppTests" */;
			buildPhases = (
				497F1D592B99E69409BE74F4 /* [CP] Check Pods Manifest.lock */,
				043666352BFB259300870221 /* Sources */,
				043666362BFB259300870221 /* Frameworks */,
				043666372BFB259300870221 /* Resources */,
			);
			buildRules = (
			);
			dependencies = (
				0436663B2BFB259300870221 /* PBXTargetDependency */,
			);
			name = WeatherAppTests;
			productName = WeatherAppTests;
			productReference = 043666392BFB259300870221 /* WeatherAppTests.xctest */;
			productType = "com.apple.product-type.bundle.unit-test";
		};
		043666422BFB259300870221 /* WeatherAppUITests */ = {
			isa = PBXNativeTarget;
			buildConfigurationList = 043666532BFB259300870221 /* Build configuration list for PBXNativeTarget "WeatherAppUITests" */;
			buildPhases = (
				45796F6BCCD0F6C883CA5136 /* [CP] Check Pods Manifest.lock */,
				0436663F2BFB259300870221 /* Sources */,
				043666402BFB259300870221 /* Frameworks */,
				043666412BFB259300870221 /* Resources */,
				82FB1B623DE1E104A9331E1C /* [CP] Copy Pods Resources */,
			);
			buildRules = (
			);
			dependencies = (
				043666452BFB259300870221 /* PBXTargetDependency */,
			);
			name = WeatherAppUITests;
			productName = WeatherAppUITests;
			productReference = 043666432BFB259300870221 /* WeatherAppUITests.xctest */;
			productType = "com.apple.product-type.bundle.ui-testing";
		};
/* End PBXNativeTarget section */

/* Begin PBXProject section */
		0436661B2BFB259000870221 /* Project object */ = {
			isa = PBXProject;
			attributes = {
				BuildIndependentTargetsInParallel = 1;
				LastSwiftUpdateCheck = 1510;
				LastUpgradeCheck = 1510;
				TargetAttributes = {
					043666222BFB259000870221 = {
						CreatedOnToolsVersion = 15.1;
					};
					043666382BFB259300870221 = {
						CreatedOnToolsVersion = 15.1;
						TestTargetID = 043666222BFB259000870221;
					};
					043666422BFB259300870221 = {
						CreatedOnToolsVersion = 15.1;
						TestTargetID = 043666222BFB259000870221;
					};
				};
			};
			buildConfigurationList = 0436661E2BFB259000870221 /* Build configuration list for PBXProject "WeatherApp" */;
			compatibilityVersion = "Xcode 14.0";
			developmentRegion = en;
			hasScannedForEncodings = 0;
			knownRegions = (
				en,
				Base,
			);
			mainGroup = 0436661A2BFB259000870221;
			productRefGroup = 043666242BFB259000870221 /* Products */;
			projectDirPath = "";
			projectRoot = "";
			targets = (
				043666222BFB259000870221 /* WeatherApp */,
				043666382BFB259300870221 /* WeatherAppTests */,
				043666422BFB259300870221 /* WeatherAppUITests */,
			);
		};
/* End PBXProject section */

/* Begin PBXResourcesBuildPhase section */
		043666212BFB259000870221 /* Resources */ = {
			isa = PBXResourcesBuildPhase;
			buildActionMask = 2147483647;
			files = (
				043666332BFB259300870221 /* LaunchScreen.storyboard in Resources */,
				043666302BFB259300870221 /* Assets.xcassets in Resources */,
				0436662E2BFB259000870221 /* Main.storyboard in Resources */,
			);
			runOnlyForDeploymentPostprocessing = 0;
		};
		043666372BFB259300870221 /* Resources */ = {
			isa = PBXResourcesBuildPhase;
			buildActionMask = 2147483647;
			files = (
			);
			runOnlyForDeploymentPostprocessing = 0;
		};
		043666412BFB259300870221 /* Resources */ = {
			isa = PBXResourcesBuildPhase;
			buildActionMask = 2147483647;
			files = (
			);
			runOnlyForDeploymentPostprocessing = 0;
		};
/* End PBXResourcesBuildPhase section */

/* Begin PBXShellScriptBuildPhase section */
		45796F6BCCD0F6C883CA5136 /* [CP] Check Pods Manifest.lock */ = {
			isa = PBXShellScriptBuildPhase;
			buildActionMask = 2147483647;
			files = (
			);
			inputFileListPaths = (
			);
			inputPaths = (
				"${PODS_PODFILE_DIR_PATH}/Podfile.lock",
				"${PODS_ROOT}/Manifest.lock",
			);
			name = "[CP] Check Pods Manifest.lock";
			outputFileListPaths = (
			);
			outputPaths = (
				"$(DERIVED_FILE_DIR)/Pods-WeatherApp-WeatherAppUITests-checkManifestLockResult.txt",
			);
			runOnlyForDeploymentPostprocessing = 0;
			shellPath = /bin/sh;
			shellScript = "diff \"${PODS_PODFILE_DIR_PATH}/Podfile.lock\" \"${PODS_ROOT}/Manifest.lock\" > /dev/null\nif [ $? != 0 ] ; then\n    # print error to STDERR\n    echo \"error: The sandbox is not in sync with the Podfile.lock. Run 'pod install' or update your CocoaPods installation.\" >&2\n    exit 1\nfi\n# This output is used by Xcode 'outputs' to avoid re-running this script phase.\necho \"SUCCESS\" > \"${SCRIPT_OUTPUT_FILE_0}\"\n";
			showEnvVarsInLog = 0;
		};
		497F1D592B99E69409BE74F4 /* [CP] Check Pods Manifest.lock */ = {
			isa = PBXShellScriptBuildPhase;
			buildActionMask = 2147483647;
			files = (
			);
			inputFileListPaths = (
			);
			inputPaths = (
				"${PODS_PODFILE_DIR_PATH}/Podfile.lock",
				"${PODS_ROOT}/Manifest.lock",
			);
			name = "[CP] Check Pods Manifest.lock";
			outputFileListPaths = (
			);
			outputPaths = (
				"$(DERIVED_FILE_DIR)/Pods-WeatherAppTests-checkManifestLockResult.txt",
			);
			runOnlyForDeploymentPostprocessing = 0;
			shellPath = /bin/sh;
			shellScript = "diff \"${PODS_PODFILE_DIR_PATH}/Podfile.lock\" \"${PODS_ROOT}/Manifest.lock\" > /dev/null\nif [ $? != 0 ] ; then\n    # print error to STDERR\n    echo \"error: The sandbox is not in sync with the Podfile.lock. Run 'pod install' or update your CocoaPods installation.\" >&2\n    exit 1\nfi\n# This output is used by Xcode 'outputs' to avoid re-running this script phase.\necho \"SUCCESS\" > \"${SCRIPT_OUTPUT_FILE_0}\"\n";
			showEnvVarsInLog = 0;
		};
		55E88A1C824FC4D626AFF868 /* [CP] Copy Pods Resources */ = {
			isa = PBXShellScriptBuildPhase;
			buildActionMask = 2147483647;
			files = (
			);
			inputFileListPaths = (
				"${PODS_ROOT}/Target Support Files/Pods-WeatherApp/Pods-WeatherApp-resources-${CONFIGURATION}-input-files.xcfilelist",
			);
			name = "[CP] Copy Pods Resources";
			outputFileListPaths = (
				"${PODS_ROOT}/Target Support Files/Pods-WeatherApp/Pods-WeatherApp-resources-${CONFIGURATION}-output-files.xcfilelist",
			);
			runOnlyForDeploymentPostprocessing = 0;
			shellPath = /bin/sh;
			shellScript = "\"${PODS_ROOT}/Target Support Files/Pods-WeatherApp/Pods-WeatherApp-resources.sh\"\n";
			showEnvVarsInLog = 0;
		};
		82FB1B623DE1E104A9331E1C /* [CP] Copy Pods Resources */ = {
			isa = PBXShellScriptBuildPhase;
			buildActionMask = 2147483647;
			files = (
			);
			inputFileListPaths = (
				"${PODS_ROOT}/Target Support Files/Pods-WeatherApp-WeatherAppUITests/Pods-WeatherApp-WeatherAppUITests-resources-${CONFIGURATION}-input-files.xcfilelist",
			);
			name = "[CP] Copy Pods Resources";
			outputFileListPaths = (
				"${PODS_ROOT}/Target Support Files/Pods-WeatherApp-WeatherAppUITests/Pods-WeatherApp-WeatherAppUITests-resources-${CONFIGURATION}-output-files.xcfilelist",
			);
			runOnlyForDeploymentPostprocessing = 0;
			shellPath = /bin/sh;
			shellScript = "\"${PODS_ROOT}/Target Support Files/Pods-WeatherApp-WeatherAppUITests/Pods-WeatherApp-WeatherAppUITests-resources.sh\"\n";
			showEnvVarsInLog = 0;
		};
		9E4CD7E247312F033CC9D9B8 /* [CP] Check Pods Manifest.lock */ = {
			isa = PBXShellScriptBuildPhase;
			buildActionMask = 2147483647;
			files = (
			);
			inputFileListPaths = (
			);
			inputPaths = (
				"${PODS_PODFILE_DIR_PATH}/Podfile.lock",
				"${PODS_ROOT}/Manifest.lock",
			);
			name = "[CP] Check Pods Manifest.lock";
			outputFileListPaths = (
			);
			outputPaths = (
				"$(DERIVED_FILE_DIR)/Pods-WeatherApp-checkManifestLockResult.txt",
			);
			runOnlyForDeploymentPostprocessing = 0;
			shellPath = /bin/sh;
			shellScript = "diff \"${PODS_PODFILE_DIR_PATH}/Podfile.lock\" \"${PODS_ROOT}/Manifest.lock\" > /dev/null\nif [ $? != 0 ] ; then\n    # print error to STDERR\n    echo \"error: The sandbox is not in sync with the Podfile.lock. Run 'pod install' or update your CocoaPods installation.\" >&2\n    exit 1\nfi\n# This output is used by Xcode 'outputs' to avoid re-running this script phase.\necho \"SUCCESS\" > \"${SCRIPT_OUTPUT_FILE_0}\"\n";
			showEnvVarsInLog = 0;
		};
/* End PBXShellScriptBuildPhase section */

/* Begin PBXSourcesBuildPhase section */
		0436661F2BFB259000870221 /* Sources */ = {
			isa = PBXSourcesBuildPhase;
			buildActionMask = 2147483647;
			files = (
				0436662B2BFB259000870221 /* LocationListViewController.swift in Sources */,
				0444BC4F2BFC734D00783E77 /* WeatherDetail.swift in Sources */,
				0444BC4D2BFBD29B00783E77 /* PageViewController.swift in Sources */,
				0444BC5B2BFD185D00783E77 /* WeatherDetailService.swift in Sources */,
				043666572BFB25EC00870221 /* WeatherLocation.swift in Sources */,
				043666272BFB259000870221 /* AppDelegate.swift in Sources */,
				043666292BFB259000870221 /* SceneDelegate.swift in Sources */,
				0436669D2BFB70E300870221 /* LocationDetailViewController.swift in Sources */,
				0436669B2BFB6DC800870221 /* APIKey.swift in Sources */,
			);
			runOnlyForDeploymentPostprocessing = 0;
		};
		043666352BFB259300870221 /* Sources */ = {
			isa = PBXSourcesBuildPhase;
			buildActionMask = 2147483647;
			files = (
				045D2C5B2BFDF1FB00F943DF /* ButtonTapTests.swift in Sources */,
				045D2C5D2BFDF23A00F943DF /* ButtonTestHelpers.swift in Sources */,
				045D2C582BFDC7B300F943DF /* TableTestHelpers.swift in Sources */,
				0444BC5D2BFD2F5700783E77 /* MockApiService.swift in Sources */,
				0444BC572BFCEBA000783E77 /* APIMockTests.swift in Sources */,
				0436663E2BFB259300870221 /* WeatherAppTests.swift in Sources */,
				0444BC592BFCEC3100783E77 /* TextFieldTests.swift in Sources */,
				045D2C532BFDC48C00F943DF /* TableViewTests.swift in Sources */,
			);
			runOnlyForDeploymentPostprocessing = 0;
		};
		0436663F2BFB259300870221 /* Sources */ = {
			isa = PBXSourcesBuildPhase;
			buildActionMask = 2147483647;
			files = (
				043666482BFB259300870221 /* WeatherAppUITests.swift in Sources */,
				0436664A2BFB259300870221 /* WeatherAppUITestsLaunchTests.swift in Sources */,
			);
			runOnlyForDeploymentPostprocessing = 0;
		};
/* End PBXSourcesBuildPhase section */

/* Begin PBXTargetDependency section */
		0436663B2BFB259300870221 /* PBXTargetDependency */ = {
			isa = PBXTargetDependency;
			target = 043666222BFB259000870221 /* WeatherApp */;
			targetProxy = 0436663A2BFB259300870221 /* PBXContainerItemProxy */;
		};
		043666452BFB259300870221 /* PBXTargetDependency */ = {
			isa = PBXTargetDependency;
			target = 043666222BFB259000870221 /* WeatherApp */;
			targetProxy = 043666442BFB259300870221 /* PBXContainerItemProxy */;
		};
/* End PBXTargetDependency section */

/* Begin PBXVariantGroup section */
		0436662C2BFB259000870221 /* Main.storyboard */ = {
			isa = PBXVariantGroup;
			children = (
				0436662D2BFB259000870221 /* Base */,
			);
			name = Main.storyboard;
			sourceTree = "<group>";
		};
		043666312BFB259300870221 /* LaunchScreen.storyboard */ = {
			isa = PBXVariantGroup;
			children = (
				043666322BFB259300870221 /* Base */,
			);
			name = LaunchScreen.storyboard;
			sourceTree = "<group>";
		};
/* End PBXVariantGroup section */

/* Begin XCBuildConfiguration section */
		0436664B2BFB259300870221 /* Debug */ = {
			isa = XCBuildConfiguration;
			buildSettings = {
				ALWAYS_SEARCH_USER_PATHS = NO;
				ASSETCATALOG_COMPILER_GENERATE_SWIFT_ASSET_SYMBOL_EXTENSIONS = YES;
				CLANG_ANALYZER_NONNULL = YES;
				CLANG_ANALYZER_NUMBER_OBJECT_CONVERSION = YES_AGGRESSIVE;
				CLANG_CXX_LANGUAGE_STANDARD = "gnu++20";
				CLANG_ENABLE_MODULES = YES;
				CLANG_ENABLE_OBJC_ARC = YES;
				CLANG_ENABLE_OBJC_WEAK = YES;
				CLANG_WARN_BLOCK_CAPTURE_AUTORELEASING = YES;
				CLANG_WARN_BOOL_CONVERSION = YES;
				CLANG_WARN_COMMA = YES;
				CLANG_WARN_CONSTANT_CONVERSION = YES;
				CLANG_WARN_DEPRECATED_OBJC_IMPLEMENTATIONS = YES;
				CLANG_WARN_DIRECT_OBJC_ISA_USAGE = YES_ERROR;
				CLANG_WARN_DOCUMENTATION_COMMENTS = YES;
				CLANG_WARN_EMPTY_BODY = YES;
				CLANG_WARN_ENUM_CONVERSION = YES;
				CLANG_WARN_INFINITE_RECURSION = YES;
				CLANG_WARN_INT_CONVERSION = YES;
				CLANG_WARN_NON_LITERAL_NULL_CONVERSION = YES;
				CLANG_WARN_OBJC_IMPLICIT_RETAIN_SELF = YES;
				CLANG_WARN_OBJC_LITERAL_CONVERSION = YES;
				CLANG_WARN_OBJC_ROOT_CLASS = YES_ERROR;
				CLANG_WARN_QUOTED_INCLUDE_IN_FRAMEWORK_HEADER = YES;
				CLANG_WARN_RANGE_LOOP_ANALYSIS = YES;
				CLANG_WARN_STRICT_PROTOTYPES = YES;
				CLANG_WARN_SUSPICIOUS_MOVE = YES;
				CLANG_WARN_UNGUARDED_AVAILABILITY = YES_AGGRESSIVE;
				CLANG_WARN_UNREACHABLE_CODE = YES;
				CLANG_WARN__DUPLICATE_METHOD_MATCH = YES;
				COPY_PHASE_STRIP = NO;
				DEBUG_INFORMATION_FORMAT = dwarf;
				ENABLE_STRICT_OBJC_MSGSEND = YES;
				ENABLE_TESTABILITY = YES;
				ENABLE_USER_SCRIPT_SANDBOXING = NO;
				GCC_C_LANGUAGE_STANDARD = gnu17;
				GCC_DYNAMIC_NO_PIC = NO;
				GCC_NO_COMMON_BLOCKS = YES;
				GCC_OPTIMIZATION_LEVEL = 0;
				GCC_PREPROCESSOR_DEFINITIONS = (
					"DEBUG=1",
					"$(inherited)",
				);
				GCC_WARN_64_TO_32_BIT_CONVERSION = YES;
				GCC_WARN_ABOUT_RETURN_TYPE = YES_ERROR;
				GCC_WARN_UNDECLARED_SELECTOR = YES;
				GCC_WARN_UNINITIALIZED_AUTOS = YES_AGGRESSIVE;
				GCC_WARN_UNUSED_FUNCTION = YES;
				GCC_WARN_UNUSED_VARIABLE = YES;
				IPHONEOS_DEPLOYMENT_TARGET = 17.2;
				LOCALIZATION_PREFERS_STRING_CATALOGS = YES;
				MTL_ENABLE_DEBUG_INFO = INCLUDE_SOURCE;
				MTL_FAST_MATH = YES;
				ONLY_ACTIVE_ARCH = YES;
				SDKROOT = iphoneos;
				SWIFT_ACTIVE_COMPILATION_CONDITIONS = "DEBUG $(inherited)";
				SWIFT_OPTIMIZATION_LEVEL = "-Onone";
			};
			name = Debug;
		};
		0436664C2BFB259300870221 /* Release */ = {
			isa = XCBuildConfiguration;
			buildSettings = {
				ALWAYS_SEARCH_USER_PATHS = NO;
				ASSETCATALOG_COMPILER_GENERATE_SWIFT_ASSET_SYMBOL_EXTENSIONS = YES;
				CLANG_ANALYZER_NONNULL = YES;
				CLANG_ANALYZER_NUMBER_OBJECT_CONVERSION = YES_AGGRESSIVE;
				CLANG_CXX_LANGUAGE_STANDARD = "gnu++20";
				CLANG_ENABLE_MODULES = YES;
				CLANG_ENABLE_OBJC_ARC = YES;
				CLANG_ENABLE_OBJC_WEAK = YES;
				CLANG_WARN_BLOCK_CAPTURE_AUTORELEASING = YES;
				CLANG_WARN_BOOL_CONVERSION = YES;
				CLANG_WARN_COMMA = YES;
				CLANG_WARN_CONSTANT_CONVERSION = YES;
				CLANG_WARN_DEPRECATED_OBJC_IMPLEMENTATIONS = YES;
				CLANG_WARN_DIRECT_OBJC_ISA_USAGE = YES_ERROR;
				CLANG_WARN_DOCUMENTATION_COMMENTS = YES;
				CLANG_WARN_EMPTY_BODY = YES;
				CLANG_WARN_ENUM_CONVERSION = YES;
				CLANG_WARN_INFINITE_RECURSION = YES;
				CLANG_WARN_INT_CONVERSION = YES;
				CLANG_WARN_NON_LITERAL_NULL_CONVERSION = YES;
				CLANG_WARN_OBJC_IMPLICIT_RETAIN_SELF = YES;
				CLANG_WARN_OBJC_LITERAL_CONVERSION = YES;
				CLANG_WARN_OBJC_ROOT_CLASS = YES_ERROR;
				CLANG_WARN_QUOTED_INCLUDE_IN_FRAMEWORK_HEADER = YES;
				CLANG_WARN_RANGE_LOOP_ANALYSIS = YES;
				CLANG_WARN_STRICT_PROTOTYPES = YES;
				CLANG_WARN_SUSPICIOUS_MOVE = YES;
				CLANG_WARN_UNGUARDED_AVAILABILITY = YES_AGGRESSIVE;
				CLANG_WARN_UNREACHABLE_CODE = YES;
				CLANG_WARN__DUPLICATE_METHOD_MATCH = YES;
				COPY_PHASE_STRIP = NO;
				DEBUG_INFORMATION_FORMAT = "dwarf-with-dsym";
				ENABLE_NS_ASSERTIONS = NO;
				ENABLE_STRICT_OBJC_MSGSEND = YES;
				ENABLE_USER_SCRIPT_SANDBOXING = NO;
				GCC_C_LANGUAGE_STANDARD = gnu17;
				GCC_NO_COMMON_BLOCKS = YES;
				GCC_WARN_64_TO_32_BIT_CONVERSION = YES;
				GCC_WARN_ABOUT_RETURN_TYPE = YES_ERROR;
				GCC_WARN_UNDECLARED_SELECTOR = YES;
				GCC_WARN_UNINITIALIZED_AUTOS = YES_AGGRESSIVE;
				GCC_WARN_UNUSED_FUNCTION = YES;
				GCC_WARN_UNUSED_VARIABLE = YES;
				IPHONEOS_DEPLOYMENT_TARGET = 17.2;
				LOCALIZATION_PREFERS_STRING_CATALOGS = YES;
				MTL_ENABLE_DEBUG_INFO = NO;
				MTL_FAST_MATH = YES;
				SDKROOT = iphoneos;
				SWIFT_COMPILATION_MODE = wholemodule;
				VALIDATE_PRODUCT = YES;
			};
			name = Release;
		};
		0436664E2BFB259300870221 /* Debug */ = {
			isa = XCBuildConfiguration;
			baseConfigurationReference = CC8CD78BABE9E0AA4ECC260D /* Pods-WeatherApp.debug.xcconfig */;
			buildSettings = {
				ASSETCATALOG_COMPILER_APPICON_NAME = AppIcon;
				ASSETCATALOG_COMPILER_GLOBAL_ACCENT_COLOR_NAME = AccentColor;
				CODE_SIGN_STYLE = Automatic;
				CURRENT_PROJECT_VERSION = 1;
				DEVELOPMENT_TEAM = 6ZJT2Y529T;
				GENERATE_INFOPLIST_FILE = YES;
				INFOPLIST_FILE = WeatherApp/Info.plist;
				INFOPLIST_KEY_UIApplicationSupportsIndirectInputEvents = YES;
				INFOPLIST_KEY_UILaunchStoryboardName = LaunchScreen;
				INFOPLIST_KEY_UIMainStoryboardFile = Main;
				INFOPLIST_KEY_UISupportedInterfaceOrientations_iPad = "UIInterfaceOrientationPortrait UIInterfaceOrientationPortraitUpsideDown UIInterfaceOrientationLandscapeLeft UIInterfaceOrientationLandscapeRight";
				INFOPLIST_KEY_UISupportedInterfaceOrientations_iPhone = "UIInterfaceOrientationPortrait UIInterfaceOrientationLandscapeLeft UIInterfaceOrientationLandscapeRight";
				LD_RUNPATH_SEARCH_PATHS = (
					"$(inherited)",
					"@executable_path/Frameworks",
				);
				MARKETING_VERSION = 1.0;
				PRODUCT_BUNDLE_IDENTIFIER = winzo.WeatherApp;
				PRODUCT_NAME = "$(TARGET_NAME)";
				SWIFT_EMIT_LOC_STRINGS = YES;
				SWIFT_VERSION = 5.0;
				TARGETED_DEVICE_FAMILY = "1,2";
			};
			name = Debug;
		};
		0436664F2BFB259300870221 /* Release */ = {
			isa = XCBuildConfiguration;
			baseConfigurationReference = 4EF281B2FE4C5B4E250BF754 /* Pods-WeatherApp.release.xcconfig */;
			buildSettings = {
				ASSETCATALOG_COMPILER_APPICON_NAME = AppIcon;
				ASSETCATALOG_COMPILER_GLOBAL_ACCENT_COLOR_NAME = AccentColor;
				CODE_SIGN_STYLE = Automatic;
				CURRENT_PROJECT_VERSION = 1;
				DEVELOPMENT_TEAM = 6ZJT2Y529T;
				GENERATE_INFOPLIST_FILE = YES;
				INFOPLIST_FILE = WeatherApp/Info.plist;
				INFOPLIST_KEY_UIApplicationSupportsIndirectInputEvents = YES;
				INFOPLIST_KEY_UILaunchStoryboardName = LaunchScreen;
				INFOPLIST_KEY_UIMainStoryboardFile = Main;
				INFOPLIST_KEY_UISupportedInterfaceOrientations_iPad = "UIInterfaceOrientationPortrait UIInterfaceOrientationPortraitUpsideDown UIInterfaceOrientationLandscapeLeft UIInterfaceOrientationLandscapeRight";
				INFOPLIST_KEY_UISupportedInterfaceOrientations_iPhone = "UIInterfaceOrientationPortrait UIInterfaceOrientationLandscapeLeft UIInterfaceOrientationLandscapeRight";
				LD_RUNPATH_SEARCH_PATHS = (
					"$(inherited)",
					"@executable_path/Frameworks",
				);
				MARKETING_VERSION = 1.0;
				PRODUCT_BUNDLE_IDENTIFIER = winzo.WeatherApp;
				PRODUCT_NAME = "$(TARGET_NAME)";
				SWIFT_EMIT_LOC_STRINGS = YES;
				SWIFT_VERSION = 5.0;
				TARGETED_DEVICE_FAMILY = "1,2";
			};
			name = Release;
		};
		043666512BFB259300870221 /* Debug */ = {
			isa = XCBuildConfiguration;
			baseConfigurationReference = CAAFEE3CF0F9159FF814E642 /* Pods-WeatherAppTests.debug.xcconfig */;
			buildSettings = {
				ALWAYS_EMBED_SWIFT_STANDARD_LIBRARIES = YES;
				BUNDLE_LOADER = "$(TEST_HOST)";
				CODE_SIGN_STYLE = Automatic;
				CURRENT_PROJECT_VERSION = 1;
				DEVELOPMENT_TEAM = 6ZJT2Y529T;
				GENERATE_INFOPLIST_FILE = YES;
				IPHONEOS_DEPLOYMENT_TARGET = 17.2;
				MARKETING_VERSION = 1.0;
				PRODUCT_BUNDLE_IDENTIFIER = winzo.WeatherAppTests;
				PRODUCT_NAME = "$(TARGET_NAME)";
				SWIFT_EMIT_LOC_STRINGS = NO;
				SWIFT_VERSION = 5.0;
				TARGETED_DEVICE_FAMILY = "1,2";
				TEST_HOST = "$(BUILT_PRODUCTS_DIR)/WeatherApp.app/$(BUNDLE_EXECUTABLE_FOLDER_PATH)/WeatherApp";
			};
			name = Debug;
		};
		043666522BFB259300870221 /* Release */ = {
			isa = XCBuildConfiguration;
			baseConfigurationReference = D06547A89BF3FCD5F7CD4B81 /* Pods-WeatherAppTests.release.xcconfig */;
			buildSettings = {
				ALWAYS_EMBED_SWIFT_STANDARD_LIBRARIES = YES;
				BUNDLE_LOADER = "$(TEST_HOST)";
				CODE_SIGN_STYLE = Automatic;
				CURRENT_PROJECT_VERSION = 1;
				DEVELOPMENT_TEAM = 6ZJT2Y529T;
				GENERATE_INFOPLIST_FILE = YES;
				IPHONEOS_DEPLOYMENT_TARGET = 17.2;
				MARKETING_VERSION = 1.0;
				PRODUCT_BUNDLE_IDENTIFIER = winzo.WeatherAppTests;
				PRODUCT_NAME = "$(TARGET_NAME)";
				SWIFT_EMIT_LOC_STRINGS = NO;
				SWIFT_VERSION = 5.0;
				TARGETED_DEVICE_FAMILY = "1,2";
				TEST_HOST = "$(BUILT_PRODUCTS_DIR)/WeatherApp.app/$(BUNDLE_EXECUTABLE_FOLDER_PATH)/WeatherApp";
			};
			name = Release;
		};
		043666542BFB259300870221 /* Debug */ = {
			isa = XCBuildConfiguration;
			baseConfigurationReference = 40210DD8BAB7ED13468B036B /* Pods-WeatherApp-WeatherAppUITests.debug.xcconfig */;
			buildSettings = {
				ALWAYS_EMBED_SWIFT_STANDARD_LIBRARIES = YES;
				CODE_SIGN_STYLE = Automatic;
				CURRENT_PROJECT_VERSION = 1;
				DEVELOPMENT_TEAM = 6ZJT2Y529T;
				GENERATE_INFOPLIST_FILE = YES;
				MARKETING_VERSION = 1.0;
				PRODUCT_BUNDLE_IDENTIFIER = winzo.WeatherAppUITests;
				PRODUCT_NAME = "$(TARGET_NAME)";
				SWIFT_EMIT_LOC_STRINGS = NO;
				SWIFT_VERSION = 5.0;
				TARGETED_DEVICE_FAMILY = "1,2";
				TEST_TARGET_NAME = WeatherApp;
			};
			name = Debug;
		};
		043666552BFB259300870221 /* Release */ = {
			isa = XCBuildConfiguration;
			baseConfigurationReference = BDC760994087262572E91AB1 /* Pods-WeatherApp-WeatherAppUITests.release.xcconfig */;
			buildSettings = {
				ALWAYS_EMBED_SWIFT_STANDARD_LIBRARIES = YES;
				CODE_SIGN_STYLE = Automatic;
				CURRENT_PROJECT_VERSION = 1;
				DEVELOPMENT_TEAM = 6ZJT2Y529T;
				GENERATE_INFOPLIST_FILE = YES;
				MARKETING_VERSION = 1.0;
				PRODUCT_BUNDLE_IDENTIFIER = winzo.WeatherAppUITests;
				PRODUCT_NAME = "$(TARGET_NAME)";
				SWIFT_EMIT_LOC_STRINGS = NO;
				SWIFT_VERSION = 5.0;
				TARGETED_DEVICE_FAMILY = "1,2";
				TEST_TARGET_NAME = WeatherApp;
			};
			name = Release;
		};
/* End XCBuildConfiguration section */

/* Begin XCConfigurationList section */
		0436661E2BFB259000870221 /* Build configuration list for PBXProject "WeatherApp" */ = {
			isa = XCConfigurationList;
			buildConfigurations = (
				0436664B2BFB259300870221 /* Debug */,
				0436664C2BFB259300870221 /* Release */,
			);
			defaultConfigurationIsVisible = 0;
			defaultConfigurationName = Release;
		};
		0436664D2BFB259300870221 /* Build configuration list for PBXNativeTarget "WeatherApp" */ = {
			isa = XCConfigurationList;
			buildConfigurations = (
				0436664E2BFB259300870221 /* Debug */,
				0436664F2BFB259300870221 /* Release */,
			);
			defaultConfigurationIsVisible = 0;
			defaultConfigurationName = Release;
		};
		043666502BFB259300870221 /* Build configuration list for PBXNativeTarget "WeatherAppTests" */ = {
			isa = XCConfigurationList;
			buildConfigurations = (
				043666512BFB259300870221 /* Debug */,
				043666522BFB259300870221 /* Release */,
			);
			defaultConfigurationIsVisible = 0;
			defaultConfigurationName = Release;
		};
		043666532BFB259300870221 /* Build configuration list for PBXNativeTarget "WeatherAppUITests" */ = {
			isa = XCConfigurationList;
			buildConfigurations = (
				043666542BFB259300870221 /* Debug */,
				043666552BFB259300870221 /* Release */,
			);
			defaultConfigurationIsVisible = 0;
			defaultConfigurationName = Release;
		};
/* End XCConfigurationList section */
	};
	rootObject = 0436661B2BFB259000870221 /* Project object */;
}
